
Microsoft Visual Studio Solution File, Format Version 12.00
# Visual Studio Version 17
VisualStudioVersion = 17.8.34330.188
MinimumVisualStudioVersion = 10.0.40219.1
Project("{2150E333-8FDC-42A3-9474-1A3956D46DE8}") = "src", "src", "{173B3AA2-FE1E-436D-AD7A-06007DDAD978}"
EndProject
Project("{2150E333-8FDC-42A3-9474-1A3956D46DE8}") = "Backend", "Backend", "{80F7AED5-80F4-4BED-9B53-700A72EB5975}"
EndProject
Project("{2150E333-8FDC-42A3-9474-1A3956D46DE8}") = "Shared", "Shared", "{7F03B691-2882-4072-A122-BA7F803CAC8B}"
EndProject
Project("{2150E333-8FDC-42A3-9474-1A3956D46DE8}") = "testes", "testes", "{332C94EA-157C-4875-B575-007A79E4968F}"
EndProject
Project("{FAE04EC0-301F-11D3-BF4B-00C04F79EFBC}") = "UseCases.Test", "testes\UseCases.Test\UseCases.Test.csproj", "{8367F083-BC6E-461B-ADE5-F8BC9461A6BE}"
EndProject
Project("{FAE04EC0-301F-11D3-BF4B-00C04F79EFBC}") = "Validators.Test", "testes\Validators.Test\Validators.Test.csproj", "{4B2F481C-31BD-4542-96A1-DFF04ED8763F}"
EndProject
Project("{FAE04EC0-301F-11D3-BF4B-00C04F79EFBC}") = "WebApi.Test", "testes\WebApi.Test\WebApi.Test.csproj", "{328AD834-AF50-401C-8309-767C1DC9354B}"
EndProject
Project("{FAE04EC0-301F-11D3-BF4B-00C04F79EFBC}") = "LivroDeReceitas.Comunicacao", "src\Shared\LivroDeReceitas.Comunicacao\LivroDeReceitas.Comunicacao.csproj", "{8C188558-BA5D-4BD2-9E9E-F5498E17DED9}"
EndProject
Project("{FAE04EC0-301F-11D3-BF4B-00C04F79EFBC}") = "LivroDeReceitas.Exceptions", "LivroDeReceitas.Exceptions\LivroDeReceitas.Exceptions.csproj", "{023D1C01-BB9C-422C-A2C2-052371EE615F}"
EndProject
Global
	GlobalSection(SolutionConfigurationPlatforms) = preSolution
		Debug|Any CPU = Debug|Any CPU
		Release|Any CPU = Release|Any CPU
	EndGlobalSection
	GlobalSection(ProjectConfigurationPlatforms) = postSolution
		{8367F083-BC6E-461B-ADE5-F8BC9461A6BE}.Debug|Any CPU.ActiveCfg = Debug|Any CPU
		{8367F083-BC6E-461B-ADE5-F8BC9461A6BE}.Debug|Any CPU.Build.0 = Debug|Any CPU
		{8367F083-BC6E-461B-ADE5-F8BC9461A6BE}.Release|Any CPU.ActiveCfg = Release|Any CPU
		{8367F083-BC6E-461B-ADE5-F8BC9461A6BE}.Release|Any CPU.Build.0 = Release|Any CPU
		{4B2F481C-31BD-4542-96A1-DFF04ED8763F}.Debug|Any CPU.ActiveCfg = Debug|Any CPU
		{4B2F481C-31BD-4542-96A1-DFF04ED8763F}.Debug|Any CPU.Build.0 = Debug|Any CPU
		{4B2F481C-31BD-4542-96A1-DFF04ED8763F}.Release|Any CPU.ActiveCfg = Release|Any CPU
		{4B2F481C-31BD-4542-96A1-DFF04ED8763F}.Release|Any CPU.Build.0 = Release|Any CPU
		{328AD834-AF50-401C-8309-767C1DC9354B}.Debug|Any CPU.ActiveCfg = Debug|Any CPU
		{328AD834-AF50-401C-8309-767C1DC9354B}.Debug|Any CPU.Build.0 = Debug|Any CPU
		{328AD834-AF50-401C-8309-767C1DC9354B}.Release|Any CPU.ActiveCfg = Release|Any CPU
		{328AD834-AF50-401C-8309-767C1DC9354B}.Release|Any CPU.Build.0 = Release|Any CPU
		{8C188558-BA5D-4BD2-9E9E-F5498E17DED9}.Debug|Any CPU.ActiveCfg = Debug|Any CPU
		{8C188558-BA5D-4BD2-9E9E-F5498E17DED9}.Debug|Any CPU.Build.0 = Debug|Any CPU
		{8C188558-BA5D-4BD2-9E9E-F5498E17DED9}.Release|Any CPU.ActiveCfg = Release|Any CPU
		{8C188558-BA5D-4BD2-9E9E-F5498E17DED9}.Release|Any CPU.Build.0 = Release|Any CPU
		{023D1C01-BB9C-422C-A2C2-052371EE615F}.Debug|Any CPU.ActiveCfg = Debug|Any CPU
		{023D1C01-BB9C-422C-A2C2-052371EE615F}.Debug|Any CPU.Build.0 = Debug|Any CPU
		{023D1C01-BB9C-422C-A2C2-052371EE615F}.Release|Any CPU.ActiveCfg = Release|Any CPU
		{023D1C01-BB9C-422C-A2C2-052371EE615F}.Release|Any CPU.Build.0 = Release|Any CPU
	EndGlobalSection
	GlobalSection(SolutionProperties) = preSolution
		HideSolutionNode = FALSE
	EndGlobalSection
	GlobalSection(NestedProjects) = preSolution
		{80F7AED5-80F4-4BED-9B53-700A72EB5975} = {173B3AA2-FE1E-436D-AD7A-06007DDAD978}
		{7F03B691-2882-4072-A122-BA7F803CAC8B} = {173B3AA2-FE1E-436D-AD7A-06007DDAD978}
		{8367F083-BC6E-461B-ADE5-F8BC9461A6BE} = {332C94EA-157C-4875-B575-007A79E4968F}
		{4B2F481C-31BD-4542-96A1-DFF04ED8763F} = {332C94EA-157C-4875-B575-007A79E4968F}
		{328AD834-AF50-401C-8309-767C1DC9354B} = {332C94EA-157C-4875-B575-007A79E4968F}
		{8C188558-BA5D-4BD2-9E9E-F5498E17DED9} = {7F03B691-2882-4072-A122-BA7F803CAC8B}
		{023D1C01-BB9C-422C-A2C2-052371EE615F} = {7F03B691-2882-4072-A122-BA7F803CAC8B}
	EndGlobalSection
	GlobalSection(ExtensibilityGlobals) = postSolution
		SolutionGuid = {6A410E13-7258-49DB-86BD-7380C5329359}
	EndGlobalSection
EndGlobal
